{
  "requires": true,
  "lockfileVersion": 1,
  "dependencies": {
    "hashids": {
      "version": "1.2.2",
      "resolved": "https://registry.npmjs.org/hashids/-/hashids-1.2.2.tgz",
      "integrity": "sha512-dEHCG2LraR6PNvSGxosZHIRgxF5sNLOIBFEHbj8lfP9WWmu/PWPMzsip1drdVSOFi51N2pU7gZavrgn7sbGFuw=="
    },
    "react-key-index": {
      "version": "0.1.1",
      "resolved": "https://registry.npmjs.org/react-key-index/-/react-key-index-0.1.1.tgz",
      "integrity": "sha1-gxnk8JYa5EqOsKT3bkwhDvbTnNo=",
      "requires": {
        "hashids": "^1.1.1"
      }
    }
  }
}
